<?xml version="1.0" encoding="utf-8"?>
<Project xmlns="http://schemas.microsoft.com/developer/msbuild/2003">
  <PropertyGroup>
    <ProjectGuid>{B1F2A3C4-D5E6-7890-ABCD-EF1234567890}</ProjectGuid>
    <ProjectVersion>19.4</ProjectVersion>
    <FrameworkType>FMX</FrameworkType>
    <MainSource>LicenseCheckFMX.dpr</MainSource>
    <Base>True</Base>
    <Config Condition="'$(Config)'==''">Debug</Config>
    <Platform Condition="'$(Platform)'==''">Win32</Platform>
    <TargetedPlatforms>1</TargetedPlatforms>
    <AppType>Application</AppType>
  </PropertyGroup>
  <PropertyGroup Condition="'$(Config)'=='Base' or '$(Base)'!=''">
    <DCC_DcuOutput>.\$(Platform)\$(Config)</DCC_DcuOutput>
    <DCC_ExeOutput>.\$(Platform)\$(Config)</DCC_ExeOutput>
    <DCC_E>False</DCC_E>
    <DCC_N>False</DCC_N>
    <DCC_S>False</DCC_S>
    <DCC_F>False</DCC_F>
    <DCC_K>False</DCC_K>
    <DCC_Define>APPSTORE</DCC_Define>
    <VerInfo_Keys>CompanyName=;FileDescription=Lisans Kontrol FMX;FileVersion=1.0.0.0;InternalName=;LegalCopyright=;LegalTrademarks=;OriginalFilename=;ProductName=Lisans Kontrol FMX;ProductVersion=1.0.0.0;Comments=</VerInfo_Keys>
    <VerInfo_Locale>1055</VerInfo_Locale>
    <SanitizedProjectName>LicenseCheckFMX</SanitizedProjectName>
  </PropertyGroup>
  <PropertyGroup Condition="'$(Base)'!='' and '$(Platform)'=='Win32'">
    <DCC_Namespace>Winapi;System.Win;Data.Win;Datasnap.Win;Web.Win;Soap.Win;Xml.Win;Bde;$(DCC_Namespace)</DCC_Namespace>
    <VerInfo_Locale>1055</VerInfo_Locale>
  </PropertyGroup>
  <PropertyGroup Condition="'$(Config)'=='Release' or '$(Cfg_2)'!=''">
    <Cfg_2>True</Cfg_2>
    <Base>True</Base>
  </PropertyGroup>
  <PropertyGroup Condition="('$(Platform)'=='Win32' and '$(Cfg_2)'!='') or ('$(Platform)'=='Win32' and '$(Cfg_2)'!='' and '$(Base)'!='')">
    <DCC_Define>RELEASE;$(DCC_Define)</DCC_Define>
    <DCC_DebugInformation>0</DCC_DebugInformation>
    <DCC_Local>False</DCC_Local>
    <DCC_SymbolReferenceInfo>0</DCC_SymbolReferenceInfo>
    <DCC_Define>RELEASE</DCC_Define>
    <Linker_GenerateMapFile>False</Linker_GenerateMapFile>
  </PropertyGroup>
  <PropertyGroup Condition="'$(Config)'=='Debug' or '$(Cfg_1)'!=''">
    <Cfg_1>True</Cfg_1>
    <Base>True</Base>
  </PropertyGroup>
  <PropertyGroup Condition="('$(Platform)'=='Win32' and '$(Cfg_1)'!='') or ('$(Platform)'=='Win32' and '$(Cfg_1)'!='' and '$(Base)'!='')">
    <DCC_Define>DEBUG;$(DCC_Define)</DCC_Define>
    <DCC_Optimize>False</DCC_Optimize>
    <DCC_GenerateStackFrames>True</DCC_GenerateStackFrames>
    <DCC_DebugInformation>2</DCC_DebugInformation>
    <DCC_RemoteDebug>False</DCC_RemoteDebug>
  </PropertyGroup>
  <ItemGroup>
    <DelphiCompile Include="LicenseCheckFMX.dpr">
      <MainSource>MainSource</MainSource>
    </DelphiCompile>
    <DCCReference Include="MainForm.pas">
      <Form>frmMain</Form>
      <DesignClass>TForm</DesignClass>
    </DCCReference>
  </ItemGroup>
  <ProjectExtensions>
    <Borland.Personality>Delphi.Personality.12</Borland.Personality>
    <Borland.ProjectType>Application</Borland.ProjectType>
    <BorlandProject>
      <Delphi.Personality>
        <VersionInfo>
          <VersionInfo Name="IncludeVerInfo">False</VersionInfo>
          <VersionInfo Name="AutoIncBuild">False</VersionInfo>
          <VersionInfo Name="MajorVer">1</VersionInfo>
          <VersionInfo Name="MinorVer">0</VersionInfo>
          <VersionInfo Name="Release">0</VersionInfo>
          <VersionInfo Name="Build">0</VersionInfo>
          <VersionInfo Name="Debug">False</VersionInfo>
          <VersionInfo Name="PreRelease">False</VersionInfo>
          <VersionInfo Name="Special">False</VersionInfo>
          <VersionInfo Name="Private">False</VersionInfo>
          <VersionInfo Name="DLL">False</VersionInfo>
          <VersionInfo Name="Locale">1055</VersionInfo>
          <VersionInfo Name="CodePage">1254</VersionInfo>
        </VersionInfo>
      </Delphi.Personality>
    </BorlandProject>
    <ProjectFileVersion>12</ProjectFileVersion>
  </ProjectExtensions>
  <Import Project="$(BDS)\Bin\CodeGear.Delphi.Targets" Condition="Exists('$(BDS)\Bin\CodeGear.Delphi.Targets')"/>
  <Import Project="$(APPDATA)\Embarcadero\$(BDSAPPDATABASEDIR)\$(PRODUCTVERSION)\UserTools.proj" Condition="Exists('$(APPDATA)\Embarcadero\$(BDSAPPDATABASEDIR)\$(PRODUCTVERSION)\UserTools.proj')"/>
</Project>
